
Microsoft Visual Studio Solution File, Format Version 12.00
# Visual Studio Version 17
VisualStudioVersion = 17.7.34031.279
MinimumVisualStudioVersion = 10.0.40219.1
Project("{2150E333-8FDC-42A3-9474-1A3956D46DE8}") = "API", "API", "{A7418376-C9D1-4BF0-AE9D-8FFE2073E0F9}"
EndProject
Project("{2150E333-8FDC-42A3-9474-1A3956D46DE8}") = "Core", "Core", "{BA1FB208-681F-40F7-ACD3-ECF017F7BFBF}"
EndProject
Project("{2150E333-8FDC-42A3-9474-1A3956D46DE8}") = "Infrastructure", "Infrastructure", "{08ABA941-0642-4386-A916-2130DC585656}"
EndProject
Project("{9A19103F-16F7-4668-BE54-9A1E7A4F7556}") = "MB.Domain", "MB.Domain\MB.Domain.csproj", "{C2083EEE-A970-431E-A7CA-4D3935310F2A}"
EndProject
Project("{9A19103F-16F7-4668-BE54-9A1E7A4F7556}") = "MB.Application", "MB.Application\MB.Application.csproj", "{2C386A66-63BA-44C4-A9C3-75F82876CE06}"
EndProject
Project("{9A19103F-16F7-4668-BE54-9A1E7A4F7556}") = "MB.Persistence", "MB.Persistence\MB.Persistence.csproj", "{16E02AAF-663D-4854-A47F-5619B664ECE4}"
EndProject
Project("{9A19103F-16F7-4668-BE54-9A1E7A4F7556}") = "MB.API", "MB.API\MB.API.csproj", "{E2CAAD3E-F803-4245-9DA0-521A18C4F556}"
EndProject
Project("{9A19103F-16F7-4668-BE54-9A1E7A4F7556}") = "MB.Infrastructure", "MB.Infrastructure\MB.Infrastructure.csproj", "{C2801288-9DF9-4C79-AB1F-F3E17FCB7C50}"
EndProject
Project("{9A19103F-16F7-4668-BE54-9A1E7A4F7556}") = "MB.Application.Test", "MB.Application.Test\MB.Application.Test.csproj", "{3100D31C-BAD4-4704-A5E8-4B72971FA347}"
EndProject
Project("{9A19103F-16F7-4668-BE54-9A1E7A4F7556}") = "MB.Domain.Test", "MB.Domain.Test\MB.Domain.Test.csproj", "{DCF91CC5-CBCB-4DD0-B7A2-222B91BA67A0}"
EndProject
Project("{9A19103F-16F7-4668-BE54-9A1E7A4F7556}") = "MB.Persistence.Test", "MB.Persistence.Test\MB.Persistence.Test.csproj", "{478FC6BF-D28A-4791-A497-816DAA158A25}"
EndProject
Project("{9A19103F-16F7-4668-BE54-9A1E7A4F7556}") = "MB.Infrastructure.Test", "MB.Infrastructure.Test\MB.Infrastructure.Test.csproj", "{47BF75C8-8BA9-464A-BCBF-52CF1774A128}"
EndProject
Project("{9A19103F-16F7-4668-BE54-9A1E7A4F7556}") = "MB.API.Test", "MB.API.Test\MB.API.Test.csproj", "{0CED475B-B3AC-48CC-A7B1-16A423AB878D}"
EndProject
Global
	GlobalSection(SolutionConfigurationPlatforms) = preSolution
		Debug|Any CPU = Debug|Any CPU
		Release|Any CPU = Release|Any CPU
	EndGlobalSection
	GlobalSection(ProjectConfigurationPlatforms) = postSolution
		{C2083EEE-A970-431E-A7CA-4D3935310F2A}.Debug|Any CPU.ActiveCfg = Debug|Any CPU
		{C2083EEE-A970-431E-A7CA-4D3935310F2A}.Debug|Any CPU.Build.0 = Debug|Any CPU
		{C2083EEE-A970-431E-A7CA-4D3935310F2A}.Release|Any CPU.ActiveCfg = Release|Any CPU
		{C2083EEE-A970-431E-A7CA-4D3935310F2A}.Release|Any CPU.Build.0 = Release|Any CPU
		{2C386A66-63BA-44C4-A9C3-75F82876CE06}.Debug|Any CPU.ActiveCfg = Debug|Any CPU
		{2C386A66-63BA-44C4-A9C3-75F82876CE06}.Debug|Any CPU.Build.0 = Debug|Any CPU
		{2C386A66-63BA-44C4-A9C3-75F82876CE06}.Release|Any CPU.ActiveCfg = Release|Any CPU
		{2C386A66-63BA-44C4-A9C3-75F82876CE06}.Release|Any CPU.Build.0 = Release|Any CPU
		{16E02AAF-663D-4854-A47F-5619B664ECE4}.Debug|Any CPU.ActiveCfg = Debug|Any CPU
		{16E02AAF-663D-4854-A47F-5619B664ECE4}.Debug|Any CPU.Build.0 = Debug|Any CPU
		{16E02AAF-663D-4854-A47F-5619B664ECE4}.Release|Any CPU.ActiveCfg = Release|Any CPU
		{16E02AAF-663D-4854-A47F-5619B664ECE4}.Release|Any CPU.Build.0 = Release|Any CPU
		{E2CAAD3E-F803-4245-9DA0-521A18C4F556}.Debug|Any CPU.ActiveCfg = Debug|Any CPU
		{E2CAAD3E-F803-4245-9DA0-521A18C4F556}.Debug|Any CPU.Build.0 = Debug|Any CPU
		{E2CAAD3E-F803-4245-9DA0-521A18C4F556}.Release|Any CPU.ActiveCfg = Release|Any CPU
		{E2CAAD3E-F803-4245-9DA0-521A18C4F556}.Release|Any CPU.Build.0 = Release|Any CPU
		{C2801288-9DF9-4C79-AB1F-F3E17FCB7C50}.Debug|Any CPU.ActiveCfg = Debug|Any CPU
		{C2801288-9DF9-4C79-AB1F-F3E17FCB7C50}.Debug|Any CPU.Build.0 = Debug|Any CPU
		{C2801288-9DF9-4C79-AB1F-F3E17FCB7C50}.Release|Any CPU.ActiveCfg = Release|Any CPU
		{C2801288-9DF9-4C79-AB1F-F3E17FCB7C50}.Release|Any CPU.Build.0 = Release|Any CPU
		{3100D31C-BAD4-4704-A5E8-4B72971FA347}.Debug|Any CPU.ActiveCfg = Debug|Any CPU
		{3100D31C-BAD4-4704-A5E8-4B72971FA347}.Debug|Any CPU.Build.0 = Debug|Any CPU
		{3100D31C-BAD4-4704-A5E8-4B72971FA347}.Release|Any CPU.ActiveCfg = Release|Any CPU
		{3100D31C-BAD4-4704-A5E8-4B72971FA347}.Release|Any CPU.Build.0 = Release|Any CPU
		{DCF91CC5-CBCB-4DD0-B7A2-222B91BA67A0}.Debug|Any CPU.ActiveCfg = Debug|Any CPU
		{DCF91CC5-CBCB-4DD0-B7A2-222B91BA67A0}.Debug|Any CPU.Build.0 = Debug|Any CPU
		{DCF91CC5-CBCB-4DD0-B7A2-222B91BA67A0}.Release|Any CPU.ActiveCfg = Release|Any CPU
		{DCF91CC5-CBCB-4DD0-B7A2-222B91BA67A0}.Release|Any CPU.Build.0 = Release|Any CPU
		{478FC6BF-D28A-4791-A497-816DAA158A25}.Debug|Any CPU.ActiveCfg = Debug|Any CPU
		{478FC6BF-D28A-4791-A497-816DAA158A25}.Debug|Any CPU.Build.0 = Debug|Any CPU
		{478FC6BF-D28A-4791-A497-816DAA158A25}.Release|Any CPU.ActiveCfg = Release|Any CPU
		{478FC6BF-D28A-4791-A497-816DAA158A25}.Release|Any CPU.Build.0 = Release|Any CPU
		{47BF75C8-8BA9-464A-BCBF-52CF1774A128}.Debug|Any CPU.ActiveCfg = Debug|Any CPU
		{47BF75C8-8BA9-464A-BCBF-52CF1774A128}.Debug|Any CPU.Build.0 = Debug|Any CPU
		{47BF75C8-8BA9-464A-BCBF-52CF1774A128}.Release|Any CPU.ActiveCfg = Release|Any CPU
		{47BF75C8-8BA9-464A-BCBF-52CF1774A128}.Release|Any CPU.Build.0 = Release|Any CPU
		{0CED475B-B3AC-48CC-A7B1-16A423AB878D}.Debug|Any CPU.ActiveCfg = Debug|Any CPU
		{0CED475B-B3AC-48CC-A7B1-16A423AB878D}.Debug|Any CPU.Build.0 = Debug|Any CPU
		{0CED475B-B3AC-48CC-A7B1-16A423AB878D}.Release|Any CPU.ActiveCfg = Release|Any CPU
		{0CED475B-B3AC-48CC-A7B1-16A423AB878D}.Release|Any CPU.Build.0 = Release|Any CPU
	EndGlobalSection
	GlobalSection(SolutionProperties) = preSolution
		HideSolutionNode = FALSE
	EndGlobalSection
	GlobalSection(NestedProjects) = preSolution
		{C2083EEE-A970-431E-A7CA-4D3935310F2A} = {BA1FB208-681F-40F7-ACD3-ECF017F7BFBF}
		{2C386A66-63BA-44C4-A9C3-75F82876CE06} = {BA1FB208-681F-40F7-ACD3-ECF017F7BFBF}
		{16E02AAF-663D-4854-A47F-5619B664ECE4} = {08ABA941-0642-4386-A916-2130DC585656}
		{E2CAAD3E-F803-4245-9DA0-521A18C4F556} = {A7418376-C9D1-4BF0-AE9D-8FFE2073E0F9}
		{C2801288-9DF9-4C79-AB1F-F3E17FCB7C50} = {08ABA941-0642-4386-A916-2130DC585656}
		{3100D31C-BAD4-4704-A5E8-4B72971FA347} = {BA1FB208-681F-40F7-ACD3-ECF017F7BFBF}
		{DCF91CC5-CBCB-4DD0-B7A2-222B91BA67A0} = {BA1FB208-681F-40F7-ACD3-ECF017F7BFBF}
		{478FC6BF-D28A-4791-A497-816DAA158A25} = {08ABA941-0642-4386-A916-2130DC585656}
		{47BF75C8-8BA9-464A-BCBF-52CF1774A128} = {08ABA941-0642-4386-A916-2130DC585656}
		{0CED475B-B3AC-48CC-A7B1-16A423AB878D} = {A7418376-C9D1-4BF0-AE9D-8FFE2073E0F9}
	EndGlobalSection
	GlobalSection(ExtensibilityGlobals) = postSolution
		SolutionGuid = {BE4E21A6-E8B8-42FF-A7AA-87D2FA4D6AD7}
	EndGlobalSection
EndGlobal
